// !$*UTF8*$!
{
	archiveVersion = 1;
	classes = {
	};
	objectVersion = 46;
	objects = {

/* Begin PBXBuildFile section */
		5092C6CC1D0A059500E10B56 /* AppDelegate.swift in Sources */ = {isa = PBXBuildFile; fileRef = 5092C6CB1D0A059500E10B56 /* AppDelegate.swift */; };
		5092C6CE1D0A059500E10B56 /* ViewController.swift in Sources */ = {isa = PBXBuildFile; fileRef = 5092C6CD1D0A059500E10B56 /* ViewController.swift */; };
		5092C6D11D0A059500E10B56 /* Main.storyboard in Resources */ = {isa = PBXBuildFile; fileRef = 5092C6CF1D0A059500E10B56 /* Main.storyboard */; };
		5092C6D41D0A059500E10B56 /* StuffArchive.xcdatamodeld in Sources */ = {isa = PBXBuildFile; fileRef = 5092C6D21D0A059500E10B56 /* StuffArchive.xcdatamodeld */; };
		5092C6D61D0A059500E10B56 /* Assets.xcassets in Resources */ = {isa = PBXBuildFile; fileRef = 5092C6D51D0A059500E10B56 /* Assets.xcassets */; };
		5092C6D91D0A059500E10B56 /* LaunchScreen.storyboard in Resources */ = {isa = PBXBuildFile; fileRef = 5092C6D71D0A059500E10B56 /* LaunchScreen.storyboard */; };
		5092C6E41D0A059500E10B56 /* StuffArchiveTests.swift in Sources */ = {isa = PBXBuildFile; fileRef = 5092C6E31D0A059500E10B56 /* StuffArchiveTests.swift */; };
		5092C6EF1D0A059500E10B56 /* StuffArchiveUITests.swift in Sources */ = {isa = PBXBuildFile; fileRef = 5092C6EE1D0A059500E10B56 /* StuffArchiveUITests.swift */; };
		5092C6FD1D0A09AD00E10B56 /* TableViewCell.swift in Sources */ = {isa = PBXBuildFile; fileRef = 5092C6FC1D0A09AD00E10B56 /* TableViewCell.swift */; };
/* End PBXBuildFile section */

/* Begin PBXContainerItemProxy section */
		5092C6E01D0A059500E10B56 /* PBXContainerItemProxy */ = {
			isa = PBXContainerItemProxy;
			containerPortal = 5092C6C01D0A059500E10B56 /* Project object */;
			proxyType = 1;
			remoteGlobalIDString = 5092C6C71D0A059500E10B56;
			remoteInfo = StuffArchive;
		};
		5092C6EB1D0A059500E10B56 /* PBXContainerItemProxy */ = {
			isa = PBXContainerItemProxy;
			containerPortal = 5092C6C01D0A059500E10B56 /* Project object */;
			proxyType = 1;
			remoteGlobalIDString = 5092C6C71D0A059500E10B56;
			remoteInfo = StuffArchive;
		};
/* End PBXContainerItemProxy section */

/* Begin PBXFileReference section */
		5092C6C81D0A059500E10B56 /* StuffArchive.app */ = {isa = PBXFileReference; explicitFileType = wrapper.application; includeInIndex = 0; path = StuffArchive.app; sourceTree = BUILT_PRODUCTS_DIR; };
		5092C6CB1D0A059500E10B56 /* AppDelegate.swift */ = {isa = PBXFileReference; lastKnownFileType = sourcecode.swift; path = AppDelegate.swift; sourceTree = "<group>"; };
		5092C6CD1D0A059500E10B56 /* ViewController.swift */ = {isa = PBXFileReference; lastKnownFileType = sourcecode.swift; path = ViewController.swift; sourceTree = "<group>"; };
		5092C6D01D0A059500E10B56 /* Base */ = {isa = PBXFileReference; lastKnownFileType = file.storyboard; name = Base; path = Base.lproj/Main.storyboard; sourceTree = "<group>"; };
		5092C6D31D0A059500E10B56 /* StuffArchive.xcdatamodel */ = {isa = PBXFileReference; lastKnownFileType = wrapper.xcdatamodel; path = StuffArchive.xcdatamodel; sourceTree = "<group>"; };
		5092C6D51D0A059500E10B56 /* Assets.xcassets */ = {isa = PBXFileReference; lastKnownFileType = folder.assetcatalog; path = Assets.xcassets; sourceTree = "<group>"; };
		5092C6D81D0A059500E10B56 /* Base */ = {isa = PBXFileReference; lastKnownFileType = file.storyboard; name = Base; path = Base.lproj/LaunchScreen.storyboard; sourceTree = "<group>"; };
		5092C6DA1D0A059500E10B56 /* Info.plist */ = {isa = PBXFileReference; lastKnownFileType = text.plist.xml; path = Info.plist; sourceTree = "<group>"; };
		5092C6DF1D0A059500E10B56 /* StuffArchiveTests.xctest */ = {isa = PBXFileReference; explicitFileType = wrapper.cfbundle; includeInIndex = 0; path = StuffArchiveTests.xctest; sourceTree = BUILT_PRODUCTS_DIR; };
		5092C6E31D0A059500E10B56 /* StuffArchiveTests.swift */ = {isa = PBXFileReference; lastKnownFileType = sourcecode.swift; path = StuffArchiveTests.swift; sourceTree = "<group>"; };
		5092C6E51D0A059500E10B56 /* Info.plist */ = {isa = PBXFileReference; lastKnownFileType = text.plist.xml; path = Info.plist; sourceTree = "<group>"; };
		5092C6EA1D0A059500E10B56 /* StuffArchiveUITests.xctest */ = {isa = PBXFileReference; explicitFileType = wrapper.cfbundle; includeInIndex = 0; path = StuffArchiveUITests.xctest; sourceTree = BUILT_PRODUCTS_DIR; };
		5092C6EE1D0A059500E10B56 /* StuffArchiveUITests.swift */ = {isa = PBXFileReference; lastKnownFileType = sourcecode.swift; path = StuffArchiveUITests.swift; sourceTree = "<group>"; };
		5092C6F01D0A059500E10B56 /* Info.plist */ = {isa = PBXFileReference; lastKnownFileType = text.plist.xml; path = Info.plist; sourceTree = "<group>"; };
		5092C6FC1D0A09AD00E10B56 /* TableViewCell.swift */ = {isa = PBXFileReference; fileEncoding = 4; lastKnownFileType = sourcecode.swift; path = TableViewCell.swift; sourceTree = "<group>"; };
/* End PBXFileReference section */

/* Begin PBXFrameworksBuildPhase section */
		5092C6C51D0A059500E10B56 /* Frameworks */ = {
			isa = PBXFrameworksBuildPhase;
			buildActionMask = 2147483647;
			files = (
			);
			runOnlyForDeploymentPostprocessing = 0;
		};
		5092C6DC1D0A059500E10B56 /* Frameworks */ = {
			isa = PBXFrameworksBuildPhase;
			buildActionMask = 2147483647;
			files = (
			);
			runOnlyForDeploymentPostprocessing = 0;
		};
		5092C6E71D0A059500E10B56 /* Frameworks */ = {
			isa = PBXFrameworksBuildPhase;
			buildActionMask = 2147483647;
			files = (
			);
			runOnlyForDeploymentPostprocessing = 0;
		};
/* End PBXFrameworksBuildPhase section */

/* Begin PBXGroup section */
		5092C6BF1D0A059500E10B56 = {
			isa = PBXGroup;
			children = (
				5092C6CA1D0A059500E10B56 /* StuffArchive */,
				5092C6E21D0A059500E10B56 /* StuffArchiveTests */,
				5092C6ED1D0A059500E10B56 /* StuffArchiveUITests */,
				5092C6C91D0A059500E10B56 /* Products */,
			);
			sourceTree = "<group>";
		};
		5092C6C91D0A059500E10B56 /* Products */ = {
			isa = PBXGroup;
			children = (
				5092C6C81D0A059500E10B56 /* StuffArchive.app */,
				5092C6DF1D0A059500E10B56 /* StuffArchiveTests.xctest */,
				5092C6EA1D0A059500E10B56 /* StuffArchiveUITests.xctest */,
			);
			name = Products;
			sourceTree = "<group>";
		};
		5092C6CA1D0A059500E10B56 /* StuffArchive */ = {
			isa = PBXGroup;
			children = (
				5092C6CB1D0A059500E10B56 /* AppDelegate.swift */,
				5092C6CD1D0A059500E10B56 /* ViewController.swift */,
				5092C6CF1D0A059500E10B56 /* Main.storyboard */,
				5092C6D51D0A059500E10B56 /* Assets.xcassets */,
				5092C6D71D0A059500E10B56 /* LaunchScreen.storyboard */,
				5092C6DA1D0A059500E10B56 /* Info.plist */,
				5092C6D21D0A059500E10B56 /* StuffArchive.xcdatamodeld */,
				5092C6FC1D0A09AD00E10B56 /* TableViewCell.swift */,
			);
			path = StuffArchive;
			sourceTree = "<group>";
		};
		5092C6E21D0A059500E10B56 /* StuffArchiveTests */ = {
			isa = PBXGroup;
			children = (
				5092C6E31D0A059500E10B56 /* StuffArchiveTests.swift */,
				5092C6E51D0A059500E10B56 /* Info.plist */,
			);
			path = StuffArchiveTests;
			sourceTree = "<group>";
		};
		5092C6ED1D0A059500E10B56 /* StuffArchiveUITests */ = {
			isa = PBXGroup;
			children = (
				5092C6EE1D0A059500E10B56 /* StuffArchiveUITests.swift */,
				5092C6F01D0A059500E10B56 /* Info.plist */,
			);
			path = StuffArchiveUITests;
			sourceTree = "<group>";
		};
/* End PBXGroup section */

/* Begin PBXNativeTarget section */
		5092C6C71D0A059500E10B56 /* StuffArchive */ = {
			isa = PBXNativeTarget;
			buildConfigurationList = 5092C6F31D0A059500E10B56 /* Build configuration list for PBXNativeTarget "StuffArchive" */;
			buildPhases = (
				5092C6C41D0A059500E10B56 /* Sources */,
				5092C6C51D0A059500E10B56 /* Frameworks */,
				5092C6C61D0A059500E10B56 /* Resources */,
			);
			buildRules = (
			);
			dependencies = (
			);
			name = StuffArchive;
			productName = StuffArchive;
			productReference = 5092C6C81D0A059500E10B56 /* StuffArchive.app */;
			productType = "com.apple.product-type.application";
		};
		5092C6DE1D0A059500E10B56 /* StuffArchiveTests */ = {
			isa = PBXNativeTarget;
			buildConfigurationList = 5092C6F61D0A059500E10B56 /* Build configuration list for PBXNativeTarget "StuffArchiveTests" */;
			buildPhases = (
				5092C6DB1D0A059500E10B56 /* Sources */,
				5092C6DC1D0A059500E10B56 /* Frameworks */,
				5092C6DD1D0A059500E10B56 /* Resources */,
			);
			buildRules = (
			);
			dependencies = (
				5092C6E11D0A059500E10B56 /* PBXTargetDependency */,
			);
			name = StuffArchiveTests;
			productName = StuffArchiveTests;
			productReference = 5092C6DF1D0A059500E10B56 /* StuffArchiveTests.xctest */;
			productType = "com.apple.product-type.bundle.unit-test";
		};
		5092C6E91D0A059500E10B56 /* StuffArchiveUITests */ = {
			isa = PBXNativeTarget;
			buildConfigurationList = 5092C6F91D0A059500E10B56 /* Build configuration list for PBXNativeTarget "StuffArchiveUITests" */;
			buildPhases = (
				5092C6E61D0A059500E10B56 /* Sources */,
				5092C6E71D0A059500E10B56 /* Frameworks */,
				5092C6E81D0A059500E10B56 /* Resources */,
			);
			buildRules = (
			);
			dependencies = (
				5092C6EC1D0A059500E10B56 /* PBXTargetDependency */,
			);
			name = StuffArchiveUITests;
			productName = StuffArchiveUITests;
			productReference = 5092C6EA1D0A059500E10B56 /* StuffArchiveUITests.xctest */;
			productType = "com.apple.product-type.bundle.ui-testing";
		};
/* End PBXNativeTarget section */

/* Begin PBXProject section */
		5092C6C01D0A059500E10B56 /* Project object */ = {
			isa = PBXProject;
			attributes = {
				LastSwiftUpdateCheck = 0730;
				LastUpgradeCheck = 0730;
				ORGANIZATIONNAME = "Kirill Klebanov";
				TargetAttributes = {
					5092C6C71D0A059500E10B56 = {
						CreatedOnToolsVersion = 7.3.1;
					};
					5092C6DE1D0A059500E10B56 = {
						CreatedOnToolsVersion = 7.3.1;
						TestTargetID = 5092C6C71D0A059500E10B56;
					};
					5092C6E91D0A059500E10B56 = {
						CreatedOnToolsVersion = 7.3.1;
						TestTargetID = 5092C6C71D0A059500E10B56;
					};
				};
			};
			buildConfigurationList = 5092C6C31D0A059500E10B56 /* Build configuration list for PBXProject "StuffArchive" */;
			compatibilityVersion = "Xcode 3.2";
			developmentRegion = English;
			hasScannedForEncodings = 0;
			knownRegions = (
				en,
				Base,
			);
			mainGroup = 5092C6BF1D0A059500E10B56;
			productRefGroup = 5092C6C91D0A059500E10B56 /* Products */;
			projectDirPath = "";
			projectRoot = "";
			targets = (
				5092C6C71D0A059500E10B56 /* StuffArchive */,
				5092C6DE1D0A059500E10B56 /* StuffArchiveTests */,
				5092C6E91D0A059500E10B56 /* StuffArchiveUITests */,
			);
		};
/* End PBXProject section */

/* Begin PBXResourcesBuildPhase section */
		5092C6C61D0A059500E10B56 /* Resources */ = {
			isa = PBXResourcesBuildPhase;
			buildActionMask = 2147483647;
			files = (
				5092C6D91D0A059500E10B56 /* LaunchScreen.storyboard in Resources */,
				5092C6D61D0A059500E10B56 /* Assets.xcassets in Resources */,
				5092C6D11D0A059500E10B56 /* Main.storyboard in Resources */,
			);
			runOnlyForDeploymentPostprocessing = 0;
		};
		5092C6DD1D0A059500E10B56 /* Resources */ = {
			isa = PBXResourcesBuildPhase;
			buildActionMask = 2147483647;
			files = (
			);
			runOnlyForDeploymentPostprocessing = 0;
		};
		5092C6E81D0A059500E10B56 /* Resources */ = {
			isa = PBXResourcesBuildPhase;
			buildActionMask = 2147483647;
			files = (
			);
			runOnlyForDeploymentPostprocessing = 0;
		};
/* End PBXResourcesBuildPhase section */

/* Begin PBXSourcesBuildPhase section */
		5092C6C41D0A059500E10B56 /* Sources */ = {
			isa = PBXSourcesBuildPhase;
			buildActionMask = 2147483647;
			files = (
				5092C6D41D0A059500E10B56 /* StuffArchive.xcdatamodeld in Sources */,
				5092C6FD1D0A09AD00E10B56 /* TableViewCell.swift in Sources */,
				5092C6CE1D0A059500E10B56 /* ViewController.swift in Sources */,
				5092C6CC1D0A059500E10B56 /* AppDelegate.swift in Sources */,
			);
			runOnlyForDeploymentPostprocessing = 0;
		};
		5092C6DB1D0A059500E10B56 /* Sources */ = {
			isa = PBXSourcesBuildPhase;
			buildActionMask = 2147483647;
			files = (
				5092C6E41D0A059500E10B56 /* StuffArchiveTests.swift in Sources */,
			);
			runOnlyForDeploymentPostprocessing = 0;
		};
		5092C6E61D0A059500E10B56 /* Sources */ = {
			isa = PBXSourcesBuildPhase;
			buildActionMask = 2147483647;
			files = (
				5092C6EF1D0A059500E10B56 /* StuffArchiveUITests.swift in Sources */,
			);
			runOnlyForDeploymentPostprocessing = 0;
		};
/* End PBXSourcesBuildPhase section */

/* Begin PBXTargetDependency section */
		5092C6E11D0A059500E10B56 /* PBXTargetDependency */ = {
			isa = PBXTargetDependency;
			target = 5092C6C71D0A059500E10B56 /* StuffArchive */;
			targetProxy = 5092C6E01D0A059500E10B56 /* PBXContainerItemProxy */;
		};
		5092C6EC1D0A059500E10B56 /* PBXTargetDependency */ = {
			isa = PBXTargetDependency;
			target = 5092C6C71D0A059500E10B56 /* StuffArchive */;
			targetProxy = 5092C6EB1D0A059500E10B56 /* PBXContainerItemProxy */;
		};
/* End PBXTargetDependency section */

/* Begin PBXVariantGroup section */
		5092C6CF1D0A059500E10B56 /* Main.storyboard */ = {
			isa = PBXVariantGroup;
			children = (
				5092C6D01D0A059500E10B56 /* Base */,
			);
			name = Main.storyboard;
			sourceTree = "<group>";
		};
		5092C6D71D0A059500E10B56 /* LaunchScreen.storyboard */ = {
			isa = PBXVariantGroup;
			children = (
				5092C6D81D0A059500E10B56 /* Base */,
			);
			name = LaunchScreen.storyboard;
			sourceTree = "<group>";
		};
/* End PBXVariantGroup section */

/* Begin XCBuildConfiguration section */
		5092C6F11D0A059500E10B56 /* Debug */ = {
			isa = XCBuildConfiguration;
			buildSettings = {
				ALWAYS_SEARCH_USER_PATHS = NO;
				CLANG_ANALYZER_NONNULL = YES;
				CLANG_CXX_LANGUAGE_STANDARD = "gnu++0x";
				CLANG_CXX_LIBRARY = "libc++";
				CLANG_ENABLE_MODULES = YES;
				CLANG_ENABLE_OBJC_ARC = YES;
				CLANG_WARN_BOOL_CONVERSION = YES;
				CLANG_WARN_CONSTANT_CONVERSION = YES;
				CLANG_WARN_DIRECT_OBJC_ISA_USAGE = YES_ERROR;
				CLANG_WARN_EMPTY_BODY = YES;
				CLANG_WARN_ENUM_CONVERSION = YES;
				CLANG_WARN_INT_CONVERSION = YES;
				CLANG_WARN_OBJC_ROOT_CLASS = YES_ERROR;
				CLANG_WARN_UNREACHABLE_CODE = YES;
				CLANG_WARN__DUPLICATE_METHOD_MATCH = YES;
				"CODE_SIGN_IDENTITY[sdk=iphoneos*]" = "iPhone Developer";
				COPY_PHASE_STRIP = NO;
				DEBUG_INFORMATION_FORMAT = dwarf;
				ENABLE_STRICT_OBJC_MSGSEND = YES;
				ENABLE_TESTABILITY = YES;
				GCC_C_LANGUAGE_STANDARD = gnu99;
				GCC_DYNAMIC_NO_PIC = NO;
				GCC_NO_COMMON_BLOCKS = YES;
				GCC_OPTIMIZATION_LEVEL = 0;
				GCC_PREPROCESSOR_DEFINITIONS = (
					"DEBUG=1",
					"$(inherited)",
				);
				GCC_WARN_64_TO_32_BIT_CONVERSION = YES;
				GCC_WARN_ABOUT_RETURN_TYPE = YES_ERROR;
				GCC_WARN_UNDECLARED_SELECTOR = YES;
				GCC_WARN_UNINITIALIZED_AUTOS = YES_AGGRESSIVE;
				GCC_WARN_UNUSED_FUNCTION = YES;
				GCC_WARN_UNUSED_VARIABLE = YES;
				IPHONEOS_DEPLOYMENT_TARGET = 9.3;
				MTL_ENABLE_DEBUG_INFO = YES;
				ONLY_ACTIVE_ARCH = YES;
				SDKROOT = iphoneos;
				SWIFT_OPTIMIZATION_LEVEL = "-Onone";
			};
			name = Debug;
		};
		5092C6F21D0A059500E10B56 /* Release */ = {
			isa = XCBuildConfiguration;
			buildSettings = {
				ALWAYS_SEARCH_USER_PATHS = NO;
				CLANG_ANALYZER_NONNULL = YES;
				CLANG_CXX_LANGUAGE_STANDARD = "gnu++0x";
				CLANG_CXX_LIBRARY = "libc++";
				CLANG_ENABLE_MODULES = YES;
				CLANG_ENABLE_OBJC_ARC = YES;
				CLANG_WARN_BOOL_CONVERSION = YES;
				CLANG_WARN_CONSTANT_CONVERSION = YES;
				CLANG_WARN_DIRECT_OBJC_ISA_USAGE = YES_ERROR;
				CLANG_WARN_EMPTY_BODY = YES;
				CLANG_WARN_ENUM_CONVERSION = YES;
				CLANG_WARN_INT_CONVERSION = YES;
				CLANG_WARN_OBJC_ROOT_CLASS = YES_ERROR;
				CLANG_WARN_UNREACHABLE_CODE = YES;
				CLANG_WARN__DUPLICATE_METHOD_MATCH = YES;
				"CODE_SIGN_IDENTITY[sdk=iphoneos*]" = "iPhone Developer";
				COPY_PHASE_STRIP = NO;
				DEBUG_INFORMATION_FORMAT = "dwarf-with-dsym";
				ENABLE_NS_ASSERTIONS = NO;
				ENABLE_STRICT_OBJC_MSGSEND = YES;
				GCC_C_LANGUAGE_STANDARD = gnu99;
				GCC_NO_COMMON_BLOCKS = YES;
				GCC_WARN_64_TO_32_BIT_CONVERSION = YES;
				GCC_WARN_ABOUT_RETURN_TYPE = YES_ERROR;
				GCC_WARN_UNDECLARED_SELECTOR = YES;
				GCC_WARN_UNINITIALIZED_AUTOS = YES_AGGRESSIVE;
				GCC_WARN_UNUSED_FUNCTION = YES;
				GCC_WARN_UNUSED_VARIABLE = YES;
				IPHONEOS_DEPLOYMENT_TARGET = 9.3;
				MTL_ENABLE_DEBUG_INFO = NO;
				SDKROOT = iphoneos;
				VALIDATE_PRODUCT = YES;
			};
			name = Release;
		};
		5092C6F41D0A059500E10B56 /* Debug */ = {
			isa = XCBuildConfiguration;
			buildSettings = {
				ASSETCATALOG_COMPILER_APPICON_NAME = AppIcon;
				INFOPLIST_FILE = StuffArchive/Info.plist;
				LD_RUNPATH_SEARCH_PATHS = "$(inherited) @executable_path/Frameworks";
				PRODUCT_BUNDLE_IDENTIFIER = ru.hdmast.StuffArchive;
				PRODUCT_NAME = "$(TARGET_NAME)";
			};
			name = Debug;
		};
		5092C6F51D0A059500E10B56 /* Release */ = {
			isa = XCBuildConfiguration;
			buildSettings = {
				ASSETCATALOG_COMPILER_APPICON_NAME = AppIcon;
				INFOPLIST_FILE = StuffArchive/Info.plist;
				LD_RUNPATH_SEARCH_PATHS = "$(inherited) @executable_path/Frameworks";
				PRODUCT_BUNDLE_IDENTIFIER = ru.hdmast.StuffArchive;
				PRODUCT_NAME = "$(TARGET_NAME)";
			};
			name = Release;
		};
		5092C6F71D0A059500E10B56 /* Debug */ = {
			isa = XCBuildConfiguration;
			buildSettings = {
				BUNDLE_LOADER = "$(TEST_HOST)";
				INFOPLIST_FILE = StuffArchiveTests/Info.plist;
				LD_RUNPATH_SEARCH_PATHS = "$(inherited) @executable_path/Frameworks @loader_path/Frameworks";
				PRODUCT_BUNDLE_IDENTIFIER = ru.hdmast.StuffArchiveTests;
				PRODUCT_NAME = "$(TARGET_NAME)";
				TEST_HOST = "$(BUILT_PRODUCTS_DIR)/StuffArchive.app/StuffArchive";
			};
			name = Debug;
		};
		5092C6F81D0A059500E10B56 /* Release */ = {
			isa = XCBuildConfiguration;
			buildSettings = {
				BUNDLE_LOADER = "$(TEST_HOST)";
				INFOPLIST_FILE = StuffArchiveTests/Info.plist;
				LD_RUNPATH_SEARCH_PATHS = "$(inherited) @executable_path/Frameworks @loader_path/Frameworks";
				PRODUCT_BUNDLE_IDENTIFIER = ru.hdmast.StuffArchiveTests;
				PRODUCT_NAME = "$(TARGET_NAME)";
				TEST_HOST = "$(BUILT_PRODUCTS_DIR)/StuffArchive.app/StuffArchive";
			};
			name = Release;
		};
		5092C6FA1D0A059500E10B56 /* Debug */ = {
			isa = XCBuildConfiguration;
			buildSettings = {
				INFOPLIST_FILE = StuffArchiveUITests/Info.plist;
				LD_RUNPATH_SEARCH_PATHS = "$(inherited) @executable_path/Frameworks @loader_path/Frameworks";
				PRODUCT_BUNDLE_IDENTIFIER = ru.hdmast.StuffArchiveUITests;
				PRODUCT_NAME = "$(TARGET_NAME)";
				TEST_TARGET_NAME = StuffArchive;
			};
			name = Debug;
		};
		5092C6FB1D0A059500E10B56 /* Release */ = {
			isa = XCBuildConfiguration;
			buildSettings = {
				INFOPLIST_FILE = StuffArchiveUITests/Info.plist;
				LD_RUNPATH_SEARCH_PATHS = "$(inherited) @executable_path/Frameworks @loader_path/Frameworks";
				PRODUCT_BUNDLE_IDENTIFIER = ru.hdmast.StuffArchiveUITests;
				PRODUCT_NAME = "$(TARGET_NAME)";
				TEST_TARGET_NAME = StuffArchive;
			};
			name = Release;
		};
/* End XCBuildConfiguration section */

/* Begin XCConfigurationList section */
		5092C6C31D0A059500E10B56 /* Build configuration list for PBXProject "StuffArchive" */ = {
			isa = XCConfigurationList;
			buildConfigurations = (
				5092C6F11D0A059500E10B56 /* Debug */,
				5092C6F21D0A059500E10B56 /* Release */,
			);
			defaultConfigurationIsVisible = 0;
			defaultConfigurationName = Release;
		};
		5092C6F31D0A059500E10B56 /* Build configuration list for PBXNativeTarget "StuffArchive" */ = {
			isa = XCConfigurationList;
			buildConfigurations = (
				5092C6F41D0A059500E10B56 /* Debug */,
				5092C6F51D0A059500E10B56 /* Release */,
			);
			defaultConfigurationIsVisible = 0;
		};
		5092C6F61D0A059500E10B56 /* Build configuration list for PBXNativeTarget "StuffArchiveTests" */ = {
			isa = XCConfigurationList;
			buildConfigurations = (
				5092C6F71D0A059500E10B56 /* Debug */,
				5092C6F81D0A059500E10B56 /* Release */,
			);
			defaultConfigurationIsVisible = 0;
		};
		5092C6F91D0A059500E10B56 /* Build configuration list for PBXNativeTarget "StuffArchiveUITests" */ = {
			isa = XCConfigurationList;
			buildConfigurations = (
				5092C6FA1D0A059500E10B56 /* Debug */,
				5092C6FB1D0A059500E10B56 /* Release */,
			);
			defaultConfigurationIsVisible = 0;
		};
/* End XCConfigurationList section */

/* Begin XCVersionGroup section */
		5092C6D21D0A059500E10B56 /* StuffArchive.xcdatamodeld */ = {
			isa = XCVersionGroup;
			children = (
				5092C6D31D0A059500E10B56 /* StuffArchive.xcdatamodel */,
			);
			currentVersion = 5092C6D31D0A059500E10B56 /* StuffArchive.xcdatamodel */;
			path = StuffArchive.xcdatamodeld;
			sourceTree = "<group>";
			versionGroupType = wrapper.xcdatamodel;
		};
/* End XCVersionGroup section */
	};
	rootObject = 5092C6C01D0A059500E10B56 /* Project object */;
}
